
Microsoft Visual Studio Solution File, Format Version 12.00
# Visual Studio Version 17
VisualStudioVersion = 17.1.32328.378
MinimumVisualStudioVersion = 10.0.40219.1
Project("{9A19103F-16F7-4668-BE54-9A1E7A4F7556}") = "WebApplication4", "WebApplication4\WebApplication4.csproj", "{DEA8EB21-031A-4490-8DF5-088EB4E4AEFF}"
EndProject
Project("{FAE04EC0-301F-11D3-BF4B-00C04F79EFBC}") = "TestProject1", "TestProject1\TestProject1.csproj", "{A91E7F40-6FCC-4792-ABEE-677E79B8BAFC}"
EndProject
Global
	GlobalSection(SolutionConfigurationPlatforms) = preSolution
		Debug|Any CPU = Debug|Any CPU
		Release|Any CPU = Release|Any CPU
	EndGlobalSection
	GlobalSection(ProjectConfigurationPlatforms) = postSolution
		{DEA8EB21-031A-4490-8DF5-088EB4E4AEFF}.Debug|Any CPU.ActiveCfg = Debug|Any CPU
		{DEA8EB21-031A-4490-8DF5-088EB4E4AEFF}.Debug|Any CPU.Build.0 = Debug|Any CPU
		{DEA8EB21-031A-4490-8DF5-088EB4E4AEFF}.Release|Any CPU.ActiveCfg = Release|Any CPU
		{DEA8EB21-031A-4490-8DF5-088EB4E4AEFF}.Release|Any CPU.Build.0 = Release|Any CPU
		{A91E7F40-6FCC-4792-ABEE-677E79B8BAFC}.Debug|Any CPU.ActiveCfg = Debug|Any CPU
		{A91E7F40-6FCC-4792-ABEE-677E79B8BAFC}.Debug|Any CPU.Build.0 = Debug|Any CPU
		{A91E7F40-6FCC-4792-ABEE-677E79B8BAFC}.Release|Any CPU.ActiveCfg = Release|Any CPU
		{A91E7F40-6FCC-4792-ABEE-677E79B8BAFC}.Release|Any CPU.Build.0 = Release|Any CPU
	EndGlobalSection
	GlobalSection(SolutionProperties) = preSolution
		HideSolutionNode = FALSE
	EndGlobalSection
	GlobalSection(ExtensibilityGlobals) = postSolution
		SolutionGuid = {CFD4D884-94A6-4DFD-B469-53E6907C2EAC}
	EndGlobalSection
EndGlobal
